
Microsoft Visual Studio Solution File, Format Version 12.00
# Visual Studio Version 17
VisualStudioVersion = 17.0.31903.59
MinimumVisualStudioVersion = 10.0.40219.1
Project("{9A19103F-16F7-4668-BE54-9A1E7A4F7556}") = "TaskManager.Api", "TaskManager.Api\TaskManager.Api.csproj", "{7555CF10-766E-41DD-8305-FE96911E7915}"
EndProject
Project("{9A19103F-16F7-4668-BE54-9A1E7A4F7556}") = "TaskManager.Core", "TaskManager.Core\TaskManager.Core.csproj", "{4631E650-BE92-403E-9CE3-58CE4F179678}"
EndProject
Project("{9A19103F-16F7-4668-BE54-9A1E7A4F7556}") = "TaskManager.Infrastructure", "TaskManager.Infrastructure\TaskManager.Infrastructure.csproj", "{4C5A09CB-D64C-40C0-85FA-A343B51087E9}"
EndProject
Project("{9A19103F-16F7-4668-BE54-9A1E7A4F7556}") = "TaskManager.Tests", "TaskManager.Tests\TaskManager.Tests.csproj", "{E2D95C58-0E4D-45F5-BFBA-26F44485D8C9}"
EndProject
Project("{2150E333-8FDC-42A3-9474-1A3956D46DE8}") = "Solution Items", "Solution Items", "{9E3041A3-9881-4B4A-BBB0-A4807E9D26A8}"
	ProjectSection(SolutionItems) = preProject
		.gitignore = .gitignore
		docker-compose.yml = docker-compose.yml
	EndProjectSection
EndProject
Global
	GlobalSection(SolutionConfigurationPlatforms) = preSolution
		Debug|Any CPU = Debug|Any CPU
		Release|Any CPU = Release|Any CPU
	EndGlobalSection
	GlobalSection(ProjectConfigurationPlatforms) = postSolution
		{7555CF10-766E-41DD-8305-FE96911E7915}.Debug|Any CPU.ActiveCfg = Debug|Any CPU
		{7555CF10-766E-41DD-8305-FE96911E7915}.Debug|Any CPU.Build.0 = Debug|Any CPU
		{7555CF10-766E-41DD-8305-FE96911E7915}.Release|Any CPU.ActiveCfg = Release|Any CPU
		{7555CF10-766E-41DD-8305-FE96911E7915}.Release|Any CPU.Build.0 = Release|Any CPU
		{4631E650-BE92-403E-9CE3-58CE4F179678}.Debug|Any CPU.ActiveCfg = Debug|Any CPU
		{4631E650-BE92-403E-9CE3-58CE4F179678}.Debug|Any CPU.Build.0 = Debug|Any CPU
		{4631E650-BE92-403E-9CE3-58CE4F179678}.Release|Any CPU.ActiveCfg = Release|Any CPU
		{4631E650-BE92-403E-9CE3-58CE4F179678}.Release|Any CPU.Build.0 = Release|Any CPU
		{4C5A09CB-D64C-40C0-85FA-A343B51087E9}.Debug|Any CPU.ActiveCfg = Debug|Any CPU
		{4C5A09CB-D64C-40C0-85FA-A343B51087E9}.Debug|Any CPU.Build.0 = Debug|Any CPU
		{4C5A09CB-D64C-40C0-85FA-A343B51087E9}.Release|Any CPU.ActiveCfg = Release|Any CPU
		{4C5A09CB-D64C-40C0-85FA-A343B51087E9}.Release|Any CPU.Build.0 = Release|Any CPU
		{E2D95C58-0E4D-45F5-BFBA-26F44485D8C9}.Debug|Any CPU.ActiveCfg = Debug|Any CPU
		{E2D95C58-0E4D-45F5-BFBA-26F44485D8C9}.Debug|Any CPU.Build.0 = Debug|Any CPU
		{E2D95C58-0E4D-45F5-BFBA-26F44485D8C9}.Release|Any CPU.ActiveCfg = Release|Any CPU
		{E2D95C58-0E4D-45F5-BFBA-26F44485D8C9}.Release|Any CPU.Build.0 = Release|Any CPU
	EndGlobalSection
	GlobalSection(SolutionProperties) = preSolution
		HideSolutionNode = FALSE
	EndGlobalSection
	GlobalSection(ExtensibilityGlobals) = postSolution
		SolutionGuid = {A296CC39-208C-4397-B635-2171371BDFD0}
	EndGlobalSection
EndGlobal
